
Microsoft Visual Studio Solution File, Format Version 11.00
# Visual Studio 2010
Project("{FAE04EC0-301F-11D3-BF4B-00C04F79EFBC}") = "BillboardWindows", "Billboard\BillboardWindows.csproj", "{4ABC069B-8ED9-4E46-98B0-BBBE7CF251DD}"
EndProject
Project("{FAE04EC0-301F-11D3-BF4B-00C04F79EFBC}") = "BillboardPipeline", "BillboardPipeline\BillboardPipeline.csproj", "{0EB3B2B1-33E8-4A58-9B4F-0175951D043C}"
EndProject
Project("{FAE04EC0-301F-11D3-BF4B-00C04F79EFBC}") = "BillboardContent", "Billboard\Content\BillboardContent.contentproj", "{A9421073-A4B7-4642-B995-6B9FC66C0137}"
EndProject
Project("{FAE04EC0-301F-11D3-BF4B-00C04F79EFBC}") = "LTreesLibrary", "LTreesLibrary\LTreesLibrary.csproj", "{8AAAB1D0-6C1D-4F92-851B-56D4611A6D1E}"
EndProject
Project("{FAE04EC0-301F-11D3-BF4B-00C04F79EFBC}") = "LTreesLibraryContent", "LTreesLibrary\Content\LTreesLibraryContent.contentproj", "{AD2A5284-A291-4F88-B06C-E32F0D39BB78}"
EndProject
Project("{FAE04EC0-301F-11D3-BF4B-00C04F79EFBC}") = "DebugPipeline1", "DebugPipeline1\DebugPipeline1.csproj", "{4DFCDAD0-B473-4CE2-9969-88BF94689DA9}"
EndProject
Global
	GlobalSection(SolutionConfigurationPlatforms) = preSolution
		Debug|x86 = Debug|x86
		Debug|Xbox 360 = Debug|Xbox 360
		Debug|Zune = Debug|Zune
		Release|x86 = Release|x86
		Release|Xbox 360 = Release|Xbox 360
		Release|Zune = Release|Zune
	EndGlobalSection
	GlobalSection(ProjectConfigurationPlatforms) = postSolution
		{4ABC069B-8ED9-4E46-98B0-BBBE7CF251DD}.Debug|x86.ActiveCfg = Debug|x86
		{4ABC069B-8ED9-4E46-98B0-BBBE7CF251DD}.Debug|x86.Build.0 = Debug|x86
		{4ABC069B-8ED9-4E46-98B0-BBBE7CF251DD}.Debug|Xbox 360.ActiveCfg = Debug|x86
		{4ABC069B-8ED9-4E46-98B0-BBBE7CF251DD}.Debug|Zune.ActiveCfg = Debug|x86
		{4ABC069B-8ED9-4E46-98B0-BBBE7CF251DD}.Release|x86.ActiveCfg = Release|x86
		{4ABC069B-8ED9-4E46-98B0-BBBE7CF251DD}.Release|x86.Build.0 = Release|x86
		{4ABC069B-8ED9-4E46-98B0-BBBE7CF251DD}.Release|Xbox 360.ActiveCfg = Release|x86
		{4ABC069B-8ED9-4E46-98B0-BBBE7CF251DD}.Release|Zune.ActiveCfg = Release|x86
		{0EB3B2B1-33E8-4A58-9B4F-0175951D043C}.Debug|x86.ActiveCfg = Debug|x86
		{0EB3B2B1-33E8-4A58-9B4F-0175951D043C}.Debug|x86.Build.0 = Debug|x86
		{0EB3B2B1-33E8-4A58-9B4F-0175951D043C}.Debug|Xbox 360.ActiveCfg = Debug|Xbox 360
		{0EB3B2B1-33E8-4A58-9B4F-0175951D043C}.Debug|Xbox 360.Build.0 = Debug|Xbox 360
		{0EB3B2B1-33E8-4A58-9B4F-0175951D043C}.Debug|Zune.ActiveCfg = Debug|Xbox 360
		{0EB3B2B1-33E8-4A58-9B4F-0175951D043C}.Release|x86.ActiveCfg = Release|x86
		{0EB3B2B1-33E8-4A58-9B4F-0175951D043C}.Release|x86.Build.0 = Release|x86
		{0EB3B2B1-33E8-4A58-9B4F-0175951D043C}.Release|Xbox 360.ActiveCfg = Release|Xbox 360
		{0EB3B2B1-33E8-4A58-9B4F-0175951D043C}.Release|Xbox 360.Build.0 = Release|Xbox 360
		{0EB3B2B1-33E8-4A58-9B4F-0175951D043C}.Release|Zune.ActiveCfg = Release|Xbox 360
		{A9421073-A4B7-4642-B995-6B9FC66C0137}.Debug|x86.ActiveCfg = Debug|x86
		{A9421073-A4B7-4642-B995-6B9FC66C0137}.Debug|Xbox 360.ActiveCfg = Debug|x86
		{A9421073-A4B7-4642-B995-6B9FC66C0137}.Debug|Zune.ActiveCfg = Debug|x86
		{A9421073-A4B7-4642-B995-6B9FC66C0137}.Release|x86.ActiveCfg = Release|x86
		{A9421073-A4B7-4642-B995-6B9FC66C0137}.Release|Xbox 360.ActiveCfg = Release|x86
		{A9421073-A4B7-4642-B995-6B9FC66C0137}.Release|Zune.ActiveCfg = Release|x86
		{8AAAB1D0-6C1D-4F92-851B-56D4611A6D1E}.Debug|x86.ActiveCfg = Debug|x86
		{8AAAB1D0-6C1D-4F92-851B-56D4611A6D1E}.Debug|x86.Build.0 = Debug|x86
		{8AAAB1D0-6C1D-4F92-851B-56D4611A6D1E}.Debug|Xbox 360.ActiveCfg = Debug|x86
		{8AAAB1D0-6C1D-4F92-851B-56D4611A6D1E}.Debug|Zune.ActiveCfg = Debug|x86
		{8AAAB1D0-6C1D-4F92-851B-56D4611A6D1E}.Release|x86.ActiveCfg = Release|x86
		{8AAAB1D0-6C1D-4F92-851B-56D4611A6D1E}.Release|x86.Build.0 = Release|x86
		{8AAAB1D0-6C1D-4F92-851B-56D4611A6D1E}.Release|Xbox 360.ActiveCfg = Release|x86
		{8AAAB1D0-6C1D-4F92-851B-56D4611A6D1E}.Release|Zune.ActiveCfg = Release|x86
		{AD2A5284-A291-4F88-B06C-E32F0D39BB78}.Debug|x86.ActiveCfg = Debug|x86
		{AD2A5284-A291-4F88-B06C-E32F0D39BB78}.Debug|Xbox 360.ActiveCfg = Debug|x86
		{AD2A5284-A291-4F88-B06C-E32F0D39BB78}.Debug|Zune.ActiveCfg = Debug|x86
		{AD2A5284-A291-4F88-B06C-E32F0D39BB78}.Release|x86.ActiveCfg = Release|x86
		{AD2A5284-A291-4F88-B06C-E32F0D39BB78}.Release|Xbox 360.ActiveCfg = Release|x86
		{AD2A5284-A291-4F88-B06C-E32F0D39BB78}.Release|Zune.ActiveCfg = Release|x86
		{4DFCDAD0-B473-4CE2-9969-88BF94689DA9}.Debug|x86.ActiveCfg = Debug|x86
		{4DFCDAD0-B473-4CE2-9969-88BF94689DA9}.Debug|x86.Build.0 = Debug|x86
		{4DFCDAD0-B473-4CE2-9969-88BF94689DA9}.Debug|Xbox 360.ActiveCfg = Debug|x86
		{4DFCDAD0-B473-4CE2-9969-88BF94689DA9}.Debug|Zune.ActiveCfg = Debug|x86
		{4DFCDAD0-B473-4CE2-9969-88BF94689DA9}.Release|x86.ActiveCfg = Release|x86
		{4DFCDAD0-B473-4CE2-9969-88BF94689DA9}.Release|x86.Build.0 = Release|x86
		{4DFCDAD0-B473-4CE2-9969-88BF94689DA9}.Release|Xbox 360.ActiveCfg = Release|x86
		{4DFCDAD0-B473-4CE2-9969-88BF94689DA9}.Release|Zune.ActiveCfg = Release|x86
	EndGlobalSection
	GlobalSection(SolutionProperties) = preSolution
		HideSolutionNode = FALSE
	EndGlobalSection
EndGlobal
